version: 2.0
shards:
  callback:
    git: https://github.com/amberframework/callback.git
    version: 0.9.2

  dispatch:
    git: https://github.com/bendangelo/dispatch.git
    version: 0.2.0+git.commit.46d3904332d52f9f071fb8e1661ae914c3c237c3

  optarg:
    git: https://github.com/amberframework/optarg.git
    version: 0.9.3+git.commit.2494b325ba8f8f9b142b8a69b0204e6659bd532b

  rocksdb:
    git: https://github.com/maiha/rocksdb.cr.git
    version: 1.1.0

  rwlock:
    git: https://github.com/spider-gazelle/readers-writer.git
    version: 1.0.7

  spectator:
    git: https://gitlab.com/arctic-fox/spectator.git
    version: 0.11.7

  xxhash:
    git: https://github.com/bendangelo/xxhash.git
    version: 0.3.1+git.commit.25b560b94f386ef85e5f4a3d3ac69717cf726d6a

