version: 2.0
shards:
  dispatch:
    git: https://github.com/bendangelo/dispatch.git
    version: 0.2.0+git.commit.46d3904332d52f9f071fb8e1661ae914c3c237c3

  multiset:
    git: https://github.com/tcrouch/multiset.cr.git
    version: 0.5.0

  pool:
    git: https://github.com/ysbaddaden/pool.git
    version: 0.3.0+git.commit.de1e315dc2349cb47303c91bd0d6c5f3446629dc

  rocksdb:
    git: https://github.com/maiha/rocksdb.cr.git
    version: 1.1.0

  rwlock:
    git: https://github.com/spider-gazelle/readers-writer.git
    version: 1.0.7

  spectator:
    git: https://gitlab.com/arctic-fox/spectator.git
    version: 0.11.7

  xxhash:
    git: https://github.com/bendangelo/xxhash.git
    version: 0.3.1+git.commit.25b560b94f386ef85e5f4a3d3ac69717cf726d6a

