version: 2.0
shards:
  rocksdb:
    git: https://github.com/bendangelo/rocksdb.cr.git
    version: 1.2.0+git.commit.f99cffe16981f70dff9da8144a89c24bf412af00

  rwlock:
    git: https://github.com/spider-gazelle/readers-writer.git
    version: 1.0.7

  spectator:
    git: https://gitlab.com/arctic-fox/spectator.git
    version: 0.11.7

  text:
    git: https://github.com/johnjansen/text.git
    version: 0.1.0+git.commit.5b41506d9d3ae0a4b970c6daa506d0501e7a3c20

  xxhash:
    git: https://github.com/bendangelo/xxhash.git
    version: 0.3.1+git.commit.25b560b94f386ef85e5f4a3d3ac69717cf726d6a

